{
  "originHash" : "e949da187f01ad8f7860847541a31a572e4cc287cdedab0678a363261518f717",
  "pins" : [
    {
      "identity" : "injectionnext",
      "kind" : "remoteSourceControl",
      "location" : "https://github.com/Miguelosaurus/InjectionNext.git",
      "state" : {
        "branch" : "9855a40",
        "revision" : "9855a405d73107cff1a720abea81a1d08a4434e3"
      }
    }
  ],
  "version" : 3
}
