{
  "originHash" : "e949da187f01ad8f7860847541a31a572e4cc287cdedab0678a363261518f717",
  "pins" : [
    {
      "identity" : "injectionnext",
      "kind" : "remoteSourceControl",
      "location" : "https://github.com/Miguelosaurus/InjectionNext.git",
      "state" : {
        "branch" : "abdf646",
        "revision" : "abdf6467318599abd3e952c941fed12e0caef04e"
      }
    }
  ],
  "version" : 3
}
