{
  "originHash" : "7b933418ad2dffdb2c963331ccc38eda1c47bdbdb78fdc4f6284e8ed75676044",
  "pins" : [
    {
      "identity" : "injectionnext",
      "kind" : "remoteSourceControl",
      "location" : "https://github.com/Miguelosaurus/InjectionNext.git",
      "state" : {
        "revision" : "547f900b7f784eb1ca29415f0030bed3e847e3e1"
      }
    }
  ],
  "version" : 3
}
